
Microsoft Visual Studio Solution File, Format Version 12.00
# Visual Studio Version 16
VisualStudioVersion = 16.0.32929.386
MinimumVisualStudioVersion = 10.0.40219.1
Project("{9A19103F-16F7-4668-BE54-9A1E7A4F7556}") = "Face_DesignPattern", "Face_DesignPattern\Face_DesignPattern.csproj", "{C3A9B75C-94E7-4C18-9DEE-9D473DCF7ABF}"
EndProject
Project("{FAE04EC0-301F-11D3-BF4B-00C04F79EFBC}") = "Business", "Business\Business.csproj", "{F75FF5DE-E4F2-4B05-9899-92DB9A913F1D}"
EndProject
Project("{FAE04EC0-301F-11D3-BF4B-00C04F79EFBC}") = "DataAccess", "DataAccess\DataAccess.csproj", "{E1014483-E969-4259-93F8-A6C4E4954DBA}"
EndProject
Project("{FAE04EC0-301F-11D3-BF4B-00C04F79EFBC}") = "Entities", "Entities\Entities.csproj", "{70A43313-B0D0-4575-9B52-42D68BB2E8A2}"
EndProject
Global
	GlobalSection(SolutionConfigurationPlatforms) = preSolution
		Debug|Any CPU = Debug|Any CPU
		Release|Any CPU = Release|Any CPU
	EndGlobalSection
	GlobalSection(ProjectConfigurationPlatforms) = postSolution
		{C3A9B75C-94E7-4C18-9DEE-9D473DCF7ABF}.Debug|Any CPU.ActiveCfg = Debug|Any CPU
		{C3A9B75C-94E7-4C18-9DEE-9D473DCF7ABF}.Debug|Any CPU.Build.0 = Debug|Any CPU
		{C3A9B75C-94E7-4C18-9DEE-9D473DCF7ABF}.Release|Any CPU.ActiveCfg = Release|Any CPU
		{C3A9B75C-94E7-4C18-9DEE-9D473DCF7ABF}.Release|Any CPU.Build.0 = Release|Any CPU
		{F75FF5DE-E4F2-4B05-9899-92DB9A913F1D}.Debug|Any CPU.ActiveCfg = Debug|Any CPU
		{F75FF5DE-E4F2-4B05-9899-92DB9A913F1D}.Debug|Any CPU.Build.0 = Debug|Any CPU
		{F75FF5DE-E4F2-4B05-9899-92DB9A913F1D}.Release|Any CPU.ActiveCfg = Release|Any CPU
		{F75FF5DE-E4F2-4B05-9899-92DB9A913F1D}.Release|Any CPU.Build.0 = Release|Any CPU
		{E1014483-E969-4259-93F8-A6C4E4954DBA}.Debug|Any CPU.ActiveCfg = Debug|Any CPU
		{E1014483-E969-4259-93F8-A6C4E4954DBA}.Debug|Any CPU.Build.0 = Debug|Any CPU
		{E1014483-E969-4259-93F8-A6C4E4954DBA}.Release|Any CPU.ActiveCfg = Release|Any CPU
		{E1014483-E969-4259-93F8-A6C4E4954DBA}.Release|Any CPU.Build.0 = Release|Any CPU
		{70A43313-B0D0-4575-9B52-42D68BB2E8A2}.Debug|Any CPU.ActiveCfg = Debug|Any CPU
		{70A43313-B0D0-4575-9B52-42D68BB2E8A2}.Debug|Any CPU.Build.0 = Debug|Any CPU
		{70A43313-B0D0-4575-9B52-42D68BB2E8A2}.Release|Any CPU.ActiveCfg = Release|Any CPU
		{70A43313-B0D0-4575-9B52-42D68BB2E8A2}.Release|Any CPU.Build.0 = Release|Any CPU
	EndGlobalSection
	GlobalSection(SolutionProperties) = preSolution
		HideSolutionNode = FALSE
	EndGlobalSection
	GlobalSection(ExtensibilityGlobals) = postSolution
		SolutionGuid = {38776AA6-C2F8-4895-A324-E216670D54FB}
	EndGlobalSection
EndGlobal
